
Microsoft Visual Studio Solution File, Format Version 12.00
# Visual Studio Version 16
VisualStudioVersion = 16.0.30225.117
MinimumVisualStudioVersion = 10.0.40219.1
Project("{FAE04EC0-301F-11D3-BF4B-00C04F79EFBC}") = "NuScaleApp", "NuScaleApp.csproj", "{7E6F25C9-32B7-4A6B-8A85-6BBCC25BD4A3}"
EndProject
Global
	GlobalSection(SolutionConfigurationPlatforms) = preSolution
		Debug|Any CPU = Debug|Any CPU
		Release|Any CPU = Release|Any CPU
	EndGlobalSection
	GlobalSection(ProjectConfigurationPlatforms) = postSolution
		{7E6F25C9-32B7-4A6B-8A85-6BBCC25BD4A3}.Debug|Any CPU.ActiveCfg = Debug|Any CPU
		{7E6F25C9-32B7-4A6B-8A85-6BBCC25BD4A3}.Debug|Any CPU.Build.0 = Debug|Any CPU
		{7E6F25C9-32B7-4A6B-8A85-6BBCC25BD4A3}.Release|Any CPU.ActiveCfg = Release|Any CPU
		{7E6F25C9-32B7-4A6B-8A85-6BBCC25BD4A3}.Release|Any CPU.Build.0 = Release|Any CPU
	EndGlobalSection
	GlobalSection(SolutionProperties) = preSolution
		HideSolutionNode = FALSE
	EndGlobalSection
	GlobalSection(ExtensibilityGlobals) = postSolution
		SolutionGuid = {C860BA5E-D5C5-451A-9E3D-FD27340C9A12}
	EndGlobalSection
EndGlobal
